<?xml version="1.0" encoding="utf-8"?>
<Project ToolsVersion="4.0" xmlns="http://schemas.microsoft.com/developer/msbuild/2003">
  <ItemGroup>
    <Filter Include="Source Files">
      <UniqueIdentifier>{4FC737F1-C7A5-4376-A066-2A32D752A2FF}</UniqueIdentifier>
      <Extensions>cpp;c;cc;cxx;c++;cppm;ixx;def;odl;idl;hpj;bat;asm;asmx</Extensions>
    </Filter>
    <Filter Include="Header Files">
      <UniqueIdentifier>{93995380-89BD-4b04-88EB-625FBE52EBFB}</UniqueIdentifier>
      <Extensions>h;hh;hpp;hxx;h++;hm;inl;inc;ipp;xsd</Extensions>
    </Filter>
    <Filter Include="Resource Files">
      <UniqueIdentifier>{67DA6AB6-F800-4c08-8B7A-83BB121AAD01}</UniqueIdentifier>
      <Extensions>rc;ico;cur;bmp;dlg;rc2;rct;bin;rgs;gif;jpg;jpeg;jpe;resx;tiff;tif;png;wav;mfcribbon-ms</Extensions>
    </Filter>
    <Filter Include="Header Files\PipeUtils">
      <UniqueIdentifier>{0ade1a3a-6ce0-4dd0-869e-110e685cd61a}</UniqueIdentifier>
    </Filter>
    <Filter Include="Source Files\PipeUtils">
      <UniqueIdentifier>{017fff31-2250-4e2d-b725-676c0db3d403}</UniqueIdentifier>
    </Filter>
    <Filter Include="Header Files\ClassFileData">
      <UniqueIdentifier>{8ea80aef-1e76-4445-8544-59b785e5b0fc}</UniqueIdentifier>
    </Filter>
    <Filter Include="Source Files\ClassFileData">
      <UniqueIdentifier>{1bfa5670-4b4e-4819-ae90-f8332ea3cf47}</UniqueIdentifier>
    </Filter>
    <Filter Include="Header Files\jni">
      <UniqueIdentifier>{9f9f3b19-e3e9-4f9c-8c41-8ab6c925e771}</UniqueIdentifier>
    </Filter>
    <Filter Include="Source Files\jni">
      <UniqueIdentifier>{f7fd1609-e647-47cd-851c-a05d7ff28dc4}</UniqueIdentifier>
    </Filter>
    <Filter Include="Header Files\Jython">
      <UniqueIdentifier>{ca926d93-3874-4ce2-9eff-710b70742392}</UniqueIdentifier>
    </Filter>
    <Filter Include="Source Files\Jython">
      <UniqueIdentifier>{a000b7d9-b7b1-4e85-a8d0-2316501bf461}</UniqueIdentifier>
    </Filter>
    <Filter Include="Header Files\Startup">
      <UniqueIdentifier>{ce5d0466-b658-47eb-8eb3-76abcc35ad4c}</UniqueIdentifier>
    </Filter>
    <Filter Include="Source Files\Startup">
      <UniqueIdentifier>{0b61f269-2535-461d-b3d7-5716316e83b0}</UniqueIdentifier>
    </Filter>
  </ItemGroup>
  <ItemGroup>
    <ClInclude Include="framework.h">
      <Filter>Header Files</Filter>
    </ClInclude>
    <ClInclude Include="pch.h">
      <Filter>Header Files</Filter>
    </ClInclude>
    <ClInclude Include="PipeManager.h">
      <Filter>Header Files</Filter>
    </ClInclude>
    <ClInclude Include="JReversePipeClient.h">
      <Filter>Header Files\PipeUtils</Filter>
    </ClInclude>
    <ClInclude Include="JReversePipeHelper.h">
      <Filter>Header Files\PipeUtils</Filter>
    </ClInclude>
    <ClInclude Include="JReversePipeInfo.h">
      <Filter>Header Files\PipeUtils</Filter>
    </ClInclude>
    <ClInclude Include="PipeClientAPI.h">
      <Filter>Header Files\PipeUtils</Filter>
    </ClInclude>
    <ClInclude Include="ClassFile.h">
      <Filter>Header Files\ClassFileData</Filter>
    </ClInclude>
    <ClInclude Include="ClassFileManager.h">
      <Filter>Header Files\ClassFileData</Filter>
    </ClInclude>
    <ClInclude Include="com_jreverse_jreverse_Core_JReverseScriptingCore.h">
      <Filter>Header Files\jni</Filter>
    </ClInclude>
    <ClInclude Include="datastore.h">
      <Filter>Header Files\jni</Filter>
    </ClInclude>
    <ClInclude Include="JythonManager.h">
      <Filter>Header Files\Jython</Filter>
    </ClInclude>
    <ClInclude Include="JythonInterpreter.h">
      <Filter>Header Files\Jython</Filter>
    </ClInclude>
    <ClInclude Include="JythonReturns.h">
      <Filter>Header Files\Jython</Filter>
    </ClInclude>
    <ClInclude Include="StartupRule.h">
      <Filter>Header Files\Startup</Filter>
    </ClInclude>
    <ClInclude Include="JReverseSettings.h">
      <Filter>Header Files\Startup</Filter>
    </ClInclude>
  </ItemGroup>
  <ItemGroup>
    <ClCompile Include="dllmain.cpp">
      <Filter>Source Files</Filter>
    </ClCompile>
    <ClCompile Include="pch.cpp">
      <Filter>Source Files</Filter>
    </ClCompile>
    <ClCompile Include="PipeManager.cpp">
      <Filter>Source Files</Filter>
    </ClCompile>
    <ClCompile Include="..\JReverseBridge\JReversePipeHelper.cpp">
      <Filter>Source Files\PipeUtils</Filter>
    </ClCompile>
    <ClCompile Include="JReversePipeHelper.cpp">
      <Filter>Source Files\PipeUtils</Filter>
    </ClCompile>
    <ClCompile Include="PipeClientAPI.cpp">
      <Filter>Source Files\PipeUtils</Filter>
    </ClCompile>
    <ClCompile Include="ClassFileManager.cpp">
      <Filter>Source Files\ClassFileData</Filter>
    </ClCompile>
    <ClCompile Include="com_jreverse_jreverse_Core_JReverseScriptingCore.cpp">
      <Filter>Source Files\jni</Filter>
    </ClCompile>
    <ClCompile Include="JythonInterpreter.cpp">
      <Filter>Source Files\Jython</Filter>
    </ClCompile>
    <ClCompile Include="JythonManager.cpp">
      <Filter>Source Files\Jython</Filter>
    </ClCompile>
    <ClCompile Include="datastore.cpp">
      <Filter>Source Files\jni</Filter>
    </ClCompile>
    <ClCompile Include="JReverseSettings.cpp">
      <Filter>Source Files\Startup</Filter>
    </ClCompile>
  </ItemGroup>
</Project>