<?xml version="1.0" encoding="utf-8"?>
<Project ToolsVersion="4.0" xmlns="http://schemas.microsoft.com/developer/msbuild/2003">
  <ItemGroup>
    <Filter Include="Source Files">
      <UniqueIdentifier>{4FC737F1-C7A5-4376-A066-2A32D752A2FF}</UniqueIdentifier>
      <Extensions>cpp;c;cc;cxx;c++;cppm;ixx;def;odl;idl;hpj;bat;asm;asmx</Extensions>
    </Filter>
    <Filter Include="Header Files">
      <UniqueIdentifier>{93995380-89BD-4b04-88EB-625FBE52EBFB}</UniqueIdentifier>
      <Extensions>h;hh;hpp;hxx;h++;hm;inl;inc;ipp;xsd</Extensions>
    </Filter>
    <Filter Include="Resource Files">
      <UniqueIdentifier>{67DA6AB6-F800-4c08-8B7A-83BB121AAD01}</UniqueIdentifier>
      <Extensions>rc;ico;cur;bmp;dlg;rc2;rct;bin;rgs;gif;jpg;jpeg;jpe;resx;tiff;tif;png;wav;mfcribbon-ms</Extensions>
    </Filter>
    <Filter Include="Header Files\Pipe">
      <UniqueIdentifier>{c8ab4d18-f0d7-4055-98c2-81d760aa05f9}</UniqueIdentifier>
    </Filter>
    <Filter Include="Source Files\pipe">
      <UniqueIdentifier>{b5103d8a-a8f5-4383-a865-99d6d8e5f583}</UniqueIdentifier>
    </Filter>
    <Filter Include="Source Files\logging">
      <UniqueIdentifier>{6a9069f9-8652-4fd9-ac51-4efeed26b004}</UniqueIdentifier>
    </Filter>
    <Filter Include="Header Files\logging">
      <UniqueIdentifier>{c860ded8-4e32-46c2-a335-9a56f5af3322}</UniqueIdentifier>
    </Filter>
    <Filter Include="Header Files\Python">
      <UniqueIdentifier>{cc4ef0df-32df-4fbe-8d14-c742b8d3b120}</UniqueIdentifier>
    </Filter>
    <Filter Include="Source Files\Python">
      <UniqueIdentifier>{0ab6c5e5-311b-4f0c-a0f1-d3b02e244128}</UniqueIdentifier>
    </Filter>
  </ItemGroup>
  <ItemGroup>
    <ClInclude Include="framework.h">
      <Filter>Header Files</Filter>
    </ClInclude>
    <ClInclude Include="com_jreverse_jreverse_JReverseBridge.h">
      <Filter>Header Files</Filter>
    </ClInclude>
    <ClInclude Include="SharedMemManager.h">
      <Filter>Header Files</Filter>
    </ClInclude>
    <ClInclude Include="com_jreverse_jreverse_PipeManager_PipeManager.h">
      <Filter>Header Files</Filter>
    </ClInclude>
    <ClInclude Include="JReversePipeInfo.h">
      <Filter>Header Files\Pipe</Filter>
    </ClInclude>
    <ClInclude Include="Pipe.h">
      <Filter>Header Files\Pipe</Filter>
    </ClInclude>
    <ClInclude Include="PipeAPI.h">
      <Filter>Header Files\Pipe</Filter>
    </ClInclude>
    <ClInclude Include="JReversePipeHelper.h">
      <Filter>Header Files\Pipe</Filter>
    </ClInclude>
    <ClInclude Include="JReverseLogger.h">
      <Filter>Header Files\logging</Filter>
    </ClInclude>
  </ItemGroup>
  <ItemGroup>
    <ClCompile Include="com_jreverse_jreverse_JReverseBridge.cpp">
      <Filter>Source Files</Filter>
    </ClCompile>
    <ClCompile Include="SharedMemManager.cpp">
      <Filter>Source Files</Filter>
    </ClCompile>
    <ClCompile Include="com_jreverse_jreverse_PipeManager_PipeManager.cpp">
      <Filter>Source Files</Filter>
    </ClCompile>
    <ClCompile Include="Pipe.cpp">
      <Filter>Source Files\pipe</Filter>
    </ClCompile>
    <ClCompile Include="PipeAPI.cpp">
      <Filter>Source Files\pipe</Filter>
    </ClCompile>
    <ClCompile Include="JReversePipeHelper.cpp">
      <Filter>Source Files\pipe</Filter>
    </ClCompile>
    <ClCompile Include="JReverseLogger.cpp">
      <Filter>Source Files\logging</Filter>
    </ClCompile>
  </ItemGroup>
</Project>